
Microsoft Visual Studio Solution File, Format Version 12.00
# Visual Studio 14
VisualStudioVersion = 14.0.25420.1
MinimumVisualStudioVersion = 10.0.40219.1
Project("{FAE04EC0-301F-11D3-BF4B-00C04F79EFBC}") = "ConstraintProgramming.Entities", "ConstraintProgramming.Entities\ConstraintProgramming.Entities.csproj", "{9D1990B9-CA7C-4161-9502-BB782936B02A}"
EndProject
Project("{FAE04EC0-301F-11D3-BF4B-00C04F79EFBC}") = "ConstraintProgramming.Wpf", "ConstraintProgramming.Wpf\ConstraintProgramming.Wpf.csproj", "{46051F84-1454-4B22-A968-86C8486CA860}"
EndProject
Global
	GlobalSection(SolutionConfigurationPlatforms) = preSolution
		Debug|Any CPU = Debug|Any CPU
		Release|Any CPU = Release|Any CPU
	EndGlobalSection
	GlobalSection(ProjectConfigurationPlatforms) = postSolution
		{9D1990B9-CA7C-4161-9502-BB782936B02A}.Debug|Any CPU.ActiveCfg = Debug|Any CPU
		{9D1990B9-CA7C-4161-9502-BB782936B02A}.Debug|Any CPU.Build.0 = Debug|Any CPU
		{9D1990B9-CA7C-4161-9502-BB782936B02A}.Release|Any CPU.ActiveCfg = Release|Any CPU
		{9D1990B9-CA7C-4161-9502-BB782936B02A}.Release|Any CPU.Build.0 = Release|Any CPU
		{46051F84-1454-4B22-A968-86C8486CA860}.Debug|Any CPU.ActiveCfg = Debug|Any CPU
		{46051F84-1454-4B22-A968-86C8486CA860}.Debug|Any CPU.Build.0 = Debug|Any CPU
		{46051F84-1454-4B22-A968-86C8486CA860}.Release|Any CPU.ActiveCfg = Release|Any CPU
		{46051F84-1454-4B22-A968-86C8486CA860}.Release|Any CPU.Build.0 = Release|Any CPU
	EndGlobalSection
	GlobalSection(SolutionProperties) = preSolution
		HideSolutionNode = FALSE
	EndGlobalSection
EndGlobal
